
Microsoft Visual Studio Solution File, Format Version 12.00
# Visual Studio Version 16
VisualStudioVersion = 16.0.33027.164
MinimumVisualStudioVersion = 10.0.40219.1
Project("{FAE04EC0-301F-11D3-BF4B-00C04F79EFBC}") = "OCR_Tech", "OCR_Tech\OCR_Tech.csproj", "{22FFF82C-C5D3-49F2-8A42-CF8B837D8FF1}"
EndProject
Global
	GlobalSection(SolutionConfigurationPlatforms) = preSolution
		Debug|Any CPU = Debug|Any CPU
		Release|Any CPU = Release|Any CPU
	EndGlobalSection
	GlobalSection(ProjectConfigurationPlatforms) = postSolution
		{22FFF82C-C5D3-49F2-8A42-CF8B837D8FF1}.Debug|Any CPU.ActiveCfg = Debug|Any CPU
		{22FFF82C-C5D3-49F2-8A42-CF8B837D8FF1}.Debug|Any CPU.Build.0 = Debug|Any CPU
		{22FFF82C-C5D3-49F2-8A42-CF8B837D8FF1}.Release|Any CPU.ActiveCfg = Release|Any CPU
		{22FFF82C-C5D3-49F2-8A42-CF8B837D8FF1}.Release|Any CPU.Build.0 = Release|Any CPU
	EndGlobalSection
	GlobalSection(SolutionProperties) = preSolution
		HideSolutionNode = FALSE
	EndGlobalSection
	GlobalSection(ExtensibilityGlobals) = postSolution
		SolutionGuid = {78ED71FE-76DE-44BA-AFE9-37DDC6DE96D1}
	EndGlobalSection
EndGlobal
