
Microsoft Visual Studio Solution File, Format Version 12.00
# Visual Studio Version 17
VisualStudioVersion = 17.5.33502.453
MinimumVisualStudioVersion = 10.0.40219.1
Project("{FAE04EC0-301F-11D3-BF4B-00C04F79EFBC}") = "FaceRecognition", "FaceRecognition.csproj", "{377A64C3-72BE-4B32-A315-A3A05F5C6AC4}"
EndProject
Global
	GlobalSection(SolutionConfigurationPlatforms) = preSolution
		Debug|Any CPU = Debug|Any CPU
		Release|Any CPU = Release|Any CPU
	EndGlobalSection
	GlobalSection(ProjectConfigurationPlatforms) = postSolution
		{377A64C3-72BE-4B32-A315-A3A05F5C6AC4}.Debug|Any CPU.ActiveCfg = Debug|Any CPU
		{377A64C3-72BE-4B32-A315-A3A05F5C6AC4}.Debug|Any CPU.Build.0 = Debug|Any CPU
		{377A64C3-72BE-4B32-A315-A3A05F5C6AC4}.Release|Any CPU.ActiveCfg = Release|Any CPU
		{377A64C3-72BE-4B32-A315-A3A05F5C6AC4}.Release|Any CPU.Build.0 = Release|Any CPU
	EndGlobalSection
	GlobalSection(SolutionProperties) = preSolution
		HideSolutionNode = FALSE
	EndGlobalSection
	GlobalSection(ExtensibilityGlobals) = postSolution
		SolutionGuid = {ED4C2B12-4B67-495C-BC91-86D863D13EDD}
	EndGlobalSection
EndGlobal
