
Microsoft Visual Studio Solution File, Format Version 12.00
# Visual Studio Version 16
VisualStudioVersion = 16.0.33130.400
MinimumVisualStudioVersion = 10.0.40219.1
Project("{FAE04EC0-301F-11D3-BF4B-00C04F79EFBC}") = "TetrisGame", "TetrisGame\TetrisGame.csproj", "{0924AB49-1A2C-4B64-9C24-E77C2D4192AA}"
EndProject
Global
	GlobalSection(SolutionConfigurationPlatforms) = preSolution
		Debug|Any CPU = Debug|Any CPU
		Release|Any CPU = Release|Any CPU
	EndGlobalSection
	GlobalSection(ProjectConfigurationPlatforms) = postSolution
		{0924AB49-1A2C-4B64-9C24-E77C2D4192AA}.Debug|Any CPU.ActiveCfg = Debug|Any CPU
		{0924AB49-1A2C-4B64-9C24-E77C2D4192AA}.Debug|Any CPU.Build.0 = Debug|Any CPU
		{0924AB49-1A2C-4B64-9C24-E77C2D4192AA}.Release|Any CPU.ActiveCfg = Release|Any CPU
		{0924AB49-1A2C-4B64-9C24-E77C2D4192AA}.Release|Any CPU.Build.0 = Release|Any CPU
	EndGlobalSection
	GlobalSection(SolutionProperties) = preSolution
		HideSolutionNode = FALSE
	EndGlobalSection
	GlobalSection(ExtensibilityGlobals) = postSolution
		SolutionGuid = {20F5F5EC-1256-4A5A-AB20-C4E4F7B574B2}
	EndGlobalSection
EndGlobal
